// !$*UTF8*$!
{
	archiveVersion = 1;
	classes = {
	};
	objectVersion = 56;
	objects = {

/* Begin PBXBuildFile section */
		6B148F262EA61EBE00715D42 /* Logger.swift in Sources */ = {isa = PBXBuildFile; fileRef = 6B148F252EA61EBE00715D42 /* Logger.swift */; };
		6B148F2E2EA72DBB00715D42 /* VideoManager.swift in Sources */ = {isa = PBXBuildFile; fileRef = 6B148F2D2EA72DBB00715D42 /* VideoManager.swift */; };
		6B148F2F2EA72DBB00715D42 /* AudioManager.swift in Sources */ = {isa = PBXBuildFile; fileRef = 6B148F2C2EA72DBB00715D42 /* AudioManager.swift */; };
		6B148F312EA7429400715D42 /* RecordingManager.swift in Sources */ = {isa = PBXBuildFile; fileRef = 6B148F302EA7429400715D42 /* RecordingManager.swift */; };
		6B148F362EA7A86C00715D42 /* VideoSettingsView.swift in Sources */ = {isa = PBXBuildFile; fileRef = 6B148F352EA7A86C00715D42 /* VideoSettingsView.swift */; };
		6B148F382EA7A8A200715D42 /* SimulatorCameraMock.swift in Sources */ = {isa = PBXBuildFile; fileRef = 6B148F372EA7A8A200715D42 /* SimulatorCameraMock.swift */; };
		6B148F3A2EA8E9FF00715D42 /* HIDInputManager.swift in Sources */ = {isa = PBXBuildFile; fileRef = 6B148F392EA8E9FF00715D42 /* HIDInputManager.swift */; };
		6B5E94B22EA1F9B00027EB7B /* ControlsView.swift in Sources */ = {isa = PBXBuildFile; fileRef = 6B5E94B12EA1F9B00027EB7B /* ControlsView.swift */; };
		6BA1A1112EA8000000000001 /* BluetoothLogoView.swift in Sources */ = {isa = PBXBuildFile; fileRef = 6BA1A1102EA8000000000001 /* BluetoothLogoView.swift */; };
		6BA1A1132EA9000000000001 /* InfoOverlayView.swift in Sources */ = {isa = PBXBuildFile; fileRef = 6BA1A1122EA9000000000001 /* InfoOverlayView.swift */; };
		A1B2C3D4E5F6A1B3 /* SettingsView.swift in Sources */ = {isa = PBXBuildFile; fileRef = A1B2C3D4E5F6A1B2 /* SettingsView.swift */; };
		BF0643F52E3E5910009F04D1 /* Openterface_iOSApp.swift in Sources */ = {isa = PBXBuildFile; fileRef = BF0643F42E3E5910009F04D1 /* Openterface_iOSApp.swift */; };
		BF0643F92E3E5917009F04D1 /* Assets.xcassets in Resources */ = {isa = PBXBuildFile; fileRef = BF0643F82E3E5917009F04D1 /* Assets.xcassets */; };
		BF0643FC2E3E5917009F04D1 /* Preview Assets.xcassets in Resources */ = {isa = PBXBuildFile; fileRef = BF0643FB2E3E5917009F04D1 /* Preview Assets.xcassets */; };
		BF0644062E3E5918009F04D1 /* Openterface_iOSTests.swift in Sources */ = {isa = PBXBuildFile; fileRef = BF0644052E3E5918009F04D1 /* Openterface_iOSTests.swift */; };
		BF0644102E3E5918009F04D1 /* Openterface_iOSUITests.swift in Sources */ = {isa = PBXBuildFile; fileRef = BF06440F2E3E5918009F04D1 /* Openterface_iOSUITests.swift */; };
		BF0644122E3E5918009F04D1 /* Openterface_iOSUITestsLaunchTests.swift in Sources */ = {isa = PBXBuildFile; fileRef = BF0644112E3E5918009F04D1 /* Openterface_iOSUITestsLaunchTests.swift */; };
		BF4ED0392E3F45680045D619 /* AppCoordinator.swift in Sources */ = {isa = PBXBuildFile; fileRef = BF4ED0302E3F45680045D619 /* AppCoordinator.swift */; };
		BF4ED03A2E3F45680045D619 /* CameraModels.swift in Sources */ = {isa = PBXBuildFile; fileRef = BF4ED0322E3F45680045D619 /* CameraModels.swift */; };
		BF4ED03B2E3F45680045D619 /* ConnectionModels.swift in Sources */ = {isa = PBXBuildFile; fileRef = BF4ED0332E3F45680045D619 /* ConnectionModels.swift */; };
		BF4ED03C2E3F45680045D619 /* InputModels.swift in Sources */ = {isa = PBXBuildFile; fileRef = BF4ED0342E3F45680045D619 /* InputModels.swift */; };
		BF4ED03D2E3F45680045D619 /* CameraProtocol.swift in Sources */ = {isa = PBXBuildFile; fileRef = BF4ED0362E3F45680045D619 /* CameraProtocol.swift */; };
		BF4ED03E2E3F45680045D619 /* ConnectionProtocol.swift in Sources */ = {isa = PBXBuildFile; fileRef = BF4ED0372E3F45680045D619 /* ConnectionProtocol.swift */; };
		BF4ED03F2E3F45680045D619 /* InputProtocol.swift in Sources */ = {isa = PBXBuildFile; fileRef = BF4ED0382E3F45680045D619 /* InputProtocol.swift */; };
		BF4ED0522E3F45910045D619 /* MainContentView.swift in Sources */ = {isa = PBXBuildFile; fileRef = BF4ED0432E3F45910045D619 /* MainContentView.swift */; };
		BF4ED0532E3F45910045D619 /* CameraPreviewView.swift in Sources */ = {isa = PBXBuildFile; fileRef = BF4ED0452E3F45910045D619 /* CameraPreviewView.swift */; };
		BF4ED0542E3F45910045D619 /* BluetoothConnectionView.swift in Sources */ = {isa = PBXBuildFile; fileRef = BF4ED0462E3F45910045D619 /* BluetoothConnectionView.swift */; };
		BF4ED0552E3F45910045D619 /* FloatingKeyboardView.swift in Sources */ = {isa = PBXBuildFile; fileRef = BF4ED0472E3F45910045D619 /* FloatingKeyboardView.swift */; };
		BF4ED0562E3F45910045D619 /* MouseInputManager.swift in Sources */ = {isa = PBXBuildFile; fileRef = BF4ED04A2E3F45910045D619 /* MouseInputManager.swift */; };
		BF4ED0572E3F45910045D619 /* KeyboardInputManager.swift in Sources */ = {isa = PBXBuildFile; fileRef = BF4ED04C2E3F45910045D619 /* KeyboardInputManager.swift */; };
		BF4ED0582E3F45910045D619 /* CompositeKeyInputManager.swift in Sources */ = {isa = PBXBuildFile; fileRef = BF4ED04D2E3F45910045D619 /* CompositeKeyInputManager.swift */; };
		BF4ED0592E3F45910045D619 /* CameraSessionManager.swift in Sources */ = {isa = PBXBuildFile; fileRef = BF4ED04F2E3F45910045D619 /* CameraSessionManager.swift */; };
		BF4ED05A2E3F45910045D619 /* BluetoothConnectionManager.swift in Sources */ = {isa = PBXBuildFile; fileRef = BF4ED0512E3F45910045D619 /* BluetoothConnectionManager.swift */; };
		BF4ED0602E3F45B10045D619 /* HIDUtils.swift in Sources */ = {isa = PBXBuildFile; fileRef = BF4ED05D2E3F45B10045D619 /* HIDUtils.swift */; };
		BF4ED0612E3F45B10045D619 /* Extensions.swift in Sources */ = {isa = PBXBuildFile; fileRef = BF4ED05F2E3F45B10045D619 /* Extensions.swift */; };
		BF4ED0712E3F9B3D0045D619 /* HIDUtils.swift in Sources */ = {isa = PBXBuildFile; fileRef = BF4ED06D2E3F9B3C0045D619 /* HIDUtils.swift */; };
		BF4ED0722E3F9B3D0045D619 /* ExternalKeyboardHandler.swift in Sources */ = {isa = PBXBuildFile; fileRef = BF4ED06E2E3F9B3C0045D619 /* ExternalKeyboardHandler.swift */; };
		BF4ED0732E3F9B3D0045D619 /* Extensions.swift in Sources */ = {isa = PBXBuildFile; fileRef = BF4ED0702E3F9B3C0045D619 /* Extensions.swift */; };
		4E1541D7A17A4452934681A3 /* GitHubAuthService.swift in Sources */ = {isa = PBXBuildFile; fileRef = 62E5AD8B6FDA46489B699BC6 /* GitHubAuthService.swift */; };
		ED19379E509540F9A8AFD411 /* KeychainService.swift in Sources */ = {isa = PBXBuildFile; fileRef = A499DE59EC0B4A02BB1A51C0 /* KeychainService.swift */; };
		A86E2B10FC014CFDBBB464AE /* ChatModels.swift in Sources */ = {isa = PBXBuildFile; fileRef = 6D7956E09C7C47D681A5FA8F /* ChatModels.swift */; };
		72CFB2DFA02B4C0F99F4A2A1 /* MacroModels.swift in Sources */ = {isa = PBXBuildFile; fileRef = E4B9E13D768F47F58D33ABA4 /* MacroModels.swift */; };
		F49387517EA9476BB35F5981 /* ChatManager.swift in Sources */ = {isa = PBXBuildFile; fileRef = D0D9F06A54AB4C1E9505E2AB /* ChatManager.swift */; };
		54F1A891BB854C8ABB4A8280 /* ChatScreenCaptureService.swift in Sources */ = {isa = PBXBuildFile; fileRef = D79B2172BA3A47BA8F821D68 /* ChatScreenCaptureService.swift */; };
		93BBE49A256E4695B1D20394 /* ChatConversationBuilderService.swift in Sources */ = {isa = PBXBuildFile; fileRef = 88BAFAB11D7A46CBAC10BCC6 /* ChatConversationBuilderService.swift */; };
		545378B68F9C41A389E69079 /* ChatToolExecutionService.swift in Sources */ = {isa = PBXBuildFile; fileRef = E46FC9BEBDAA4921AAA93436 /* ChatToolExecutionService.swift */; };
		50D090EEDDA64847A9C63BA7 /* MacroInputManager.swift in Sources */ = {isa = PBXBuildFile; fileRef = C80D235D1D864A23BEDD38F4 /* MacroInputManager.swift */; };
		6B71AE92259E4FB7BB1B5501 /* ChatBubbleView.swift in Sources */ = {isa = PBXBuildFile; fileRef = E52D2A2D582E411CABBF752B /* ChatBubbleView.swift */; };
		8E6614CA880345C8B4EFF043 /* ChatView.swift in Sources */ = {isa = PBXBuildFile; fileRef = A98081D79B3140D1ACF48F05 /* ChatView.swift */; };
		235229C4F7DA43DFA55A1615 /* LoginView.swift in Sources */ = {isa = PBXBuildFile; fileRef = 1BBB6BD93D944F8C88F45097 /* LoginView.swift */; };
		CFA1D2E3F4A54B2C8D9E0F12 /* ChatFloatingPanelView.swift in Sources */ = {isa = PBXBuildFile; fileRef = CFA1D2E3F4A54B2C8D9E0F11 /* ChatFloatingPanelView.swift */; };
		810E4A67D1314DD68977D458 /* MacroPanelView.swift in Sources */ = {isa = PBXBuildFile; fileRef = 436B155E2505417499682BC6 /* MacroPanelView.swift */; };
		7CC84EAFBA584625980738E0 /* MacroEditorView.swift in Sources */ = {isa = PBXBuildFile; fileRef = 002452F3FCBC465CB3B70DE2 /* MacroEditorView.swift */; };
/* End PBXBuildFile section */

/* Begin PBXContainerItemProxy section */
		BF0644022E3E5917009F04D1 /* PBXContainerItemProxy */ = {
			isa = PBXContainerItemProxy;
			containerPortal = BF0643E92E3E5910009F04D1 /* Project object */;
			proxyType = 1;
			remoteGlobalIDString = BF0643F02E3E5910009F04D1;
			remoteInfo = Openterface_iOS;
		};
		BF06440C2E3E5918009F04D1 /* PBXContainerItemProxy */ = {
			isa = PBXContainerItemProxy;
			containerPortal = BF0643E92E3E5910009F04D1 /* Project object */;
			proxyType = 1;
			remoteGlobalIDString = BF0643F02E3E5910009F04D1;
			remoteInfo = Openterface_iOS;
		};
/* End PBXContainerItemProxy section */

/* Begin PBXFileReference section */
		6B148F252EA61EBE00715D42 /* Logger.swift */ = {isa = PBXFileReference; lastKnownFileType = sourcecode.swift; path = Logger.swift; sourceTree = "<group>"; };
		6B148F2C2EA72DBB00715D42 /* AudioManager.swift */ = {isa = PBXFileReference; lastKnownFileType = sourcecode.swift; path = AudioManager.swift; sourceTree = "<group>"; };
		6B148F2D2EA72DBB00715D42 /* VideoManager.swift */ = {isa = PBXFileReference; lastKnownFileType = sourcecode.swift; path = VideoManager.swift; sourceTree = "<group>"; };
		6B148F302EA7429400715D42 /* RecordingManager.swift */ = {isa = PBXFileReference; lastKnownFileType = sourcecode.swift; path = RecordingManager.swift; sourceTree = "<group>"; };
		6B148F352EA7A86C00715D42 /* VideoSettingsView.swift */ = {isa = PBXFileReference; lastKnownFileType = sourcecode.swift; path = VideoSettingsView.swift; sourceTree = "<group>"; };
		6B148F372EA7A8A200715D42 /* SimulatorCameraMock.swift */ = {isa = PBXFileReference; lastKnownFileType = sourcecode.swift; path = SimulatorCameraMock.swift; sourceTree = "<group>"; };
		6B148F392EA8E9FF00715D42 /* HIDInputManager.swift */ = {isa = PBXFileReference; lastKnownFileType = sourcecode.swift; path = HIDInputManager.swift; sourceTree = "<group>"; };
		6B5E94B12EA1F9B00027EB7B /* ControlsView.swift */ = {isa = PBXFileReference; lastKnownFileType = sourcecode.swift; path = ControlsView.swift; sourceTree = "<group>"; };
		6BA1A1102EA8000000000001 /* BluetoothLogoView.swift */ = {isa = PBXFileReference; fileEncoding = 4; lastKnownFileType = sourcecode.swift; path = BluetoothLogoView.swift; sourceTree = "<group>"; };
		6BA1A1122EA9000000000001 /* InfoOverlayView.swift */ = {isa = PBXFileReference; fileEncoding = 4; lastKnownFileType = sourcecode.swift; path = InfoOverlayView.swift; sourceTree = "<group>"; };
		A1B2C3D4E5F6A1B2 /* SettingsView.swift */ = {isa = PBXFileReference; lastKnownFileType = sourcecode.swift; path = SettingsView.swift; sourceTree = "<group>"; };
		BF0643F12E3E5910009F04D1 /* Openterface KVM.app */ = {isa = PBXFileReference; explicitFileType = wrapper.application; includeInIndex = 0; path = "Openterface KVM.app"; sourceTree = BUILT_PRODUCTS_DIR; };
		BF0643F42E3E5910009F04D1 /* Openterface_iOSApp.swift */ = {isa = PBXFileReference; lastKnownFileType = sourcecode.swift; path = Openterface_iOSApp.swift; sourceTree = "<group>"; };
		BF0643F82E3E5917009F04D1 /* Assets.xcassets */ = {isa = PBXFileReference; lastKnownFileType = folder.assetcatalog; path = Assets.xcassets; sourceTree = "<group>"; };
		BF0643FB2E3E5917009F04D1 /* Preview Assets.xcassets */ = {isa = PBXFileReference; lastKnownFileType = folder.assetcatalog; path = "Preview Assets.xcassets"; sourceTree = "<group>"; };
		BF0644012E3E5917009F04D1 /* Openterface KVMTests.xctest */ = {isa = PBXFileReference; explicitFileType = wrapper.cfbundle; includeInIndex = 0; path = "Openterface KVMTests.xctest"; sourceTree = BUILT_PRODUCTS_DIR; };
		BF0644052E3E5918009F04D1 /* Openterface_iOSTests.swift */ = {isa = PBXFileReference; lastKnownFileType = sourcecode.swift; path = Openterface_iOSTests.swift; sourceTree = "<group>"; };
		BF06440B2E3E5918009F04D1 /* Openterface KVMUITests.xctest */ = {isa = PBXFileReference; explicitFileType = wrapper.cfbundle; includeInIndex = 0; path = "Openterface KVMUITests.xctest"; sourceTree = BUILT_PRODUCTS_DIR; };
		BF06440F2E3E5918009F04D1 /* Openterface_iOSUITests.swift */ = {isa = PBXFileReference; lastKnownFileType = sourcecode.swift; path = Openterface_iOSUITests.swift; sourceTree = "<group>"; };
		BF0644112E3E5918009F04D1 /* Openterface_iOSUITestsLaunchTests.swift */ = {isa = PBXFileReference; lastKnownFileType = sourcecode.swift; path = Openterface_iOSUITestsLaunchTests.swift; sourceTree = "<group>"; };
		BF4ED0302E3F45680045D619 /* AppCoordinator.swift */ = {isa = PBXFileReference; fileEncoding = 4; lastKnownFileType = sourcecode.swift; path = AppCoordinator.swift; sourceTree = "<group>"; };
		BF4ED0322E3F45680045D619 /* CameraModels.swift */ = {isa = PBXFileReference; fileEncoding = 4; lastKnownFileType = sourcecode.swift; path = CameraModels.swift; sourceTree = "<group>"; };
		BF4ED0332E3F45680045D619 /* ConnectionModels.swift */ = {isa = PBXFileReference; fileEncoding = 4; lastKnownFileType = sourcecode.swift; path = ConnectionModels.swift; sourceTree = "<group>"; };
		BF4ED0342E3F45680045D619 /* InputModels.swift */ = {isa = PBXFileReference; fileEncoding = 4; lastKnownFileType = sourcecode.swift; path = InputModels.swift; sourceTree = "<group>"; };
		BF4ED0362E3F45680045D619 /* CameraProtocol.swift */ = {isa = PBXFileReference; fileEncoding = 4; lastKnownFileType = sourcecode.swift; path = CameraProtocol.swift; sourceTree = "<group>"; };
		BF4ED0372E3F45680045D619 /* ConnectionProtocol.swift */ = {isa = PBXFileReference; fileEncoding = 4; lastKnownFileType = sourcecode.swift; path = ConnectionProtocol.swift; sourceTree = "<group>"; };
		BF4ED0382E3F45680045D619 /* InputProtocol.swift */ = {isa = PBXFileReference; fileEncoding = 4; lastKnownFileType = sourcecode.swift; path = InputProtocol.swift; sourceTree = "<group>"; };
		BF4ED0432E3F45910045D619 /* MainContentView.swift */ = {isa = PBXFileReference; fileEncoding = 4; lastKnownFileType = sourcecode.swift; path = MainContentView.swift; sourceTree = "<group>"; };
		BF4ED0452E3F45910045D619 /* CameraPreviewView.swift */ = {isa = PBXFileReference; fileEncoding = 4; lastKnownFileType = sourcecode.swift; path = CameraPreviewView.swift; sourceTree = "<group>"; };
		BF4ED0462E3F45910045D619 /* BluetoothConnectionView.swift */ = {isa = PBXFileReference; fileEncoding = 4; lastKnownFileType = sourcecode.swift; path = BluetoothConnectionView.swift; sourceTree = "<group>"; };
		BF4ED0472E3F45910045D619 /* FloatingKeyboardView.swift */ = {isa = PBXFileReference; fileEncoding = 4; lastKnownFileType = sourcecode.swift; path = FloatingKeyboardView.swift; sourceTree = "<group>"; };
		BF4ED04A2E3F45910045D619 /* MouseInputManager.swift */ = {isa = PBXFileReference; fileEncoding = 4; lastKnownFileType = sourcecode.swift; path = MouseInputManager.swift; sourceTree = "<group>"; };
		BF4ED04C2E3F45910045D619 /* KeyboardInputManager.swift */ = {isa = PBXFileReference; fileEncoding = 4; lastKnownFileType = sourcecode.swift; path = KeyboardInputManager.swift; sourceTree = "<group>"; };
		BF4ED04D2E3F45910045D619 /* CompositeKeyInputManager.swift */ = {isa = PBXFileReference; fileEncoding = 4; lastKnownFileType = sourcecode.swift; path = CompositeKeyInputManager.swift; sourceTree = "<group>"; };
		BF4ED04F2E3F45910045D619 /* CameraSessionManager.swift */ = {isa = PBXFileReference; fileEncoding = 4; lastKnownFileType = sourcecode.swift; path = CameraSessionManager.swift; sourceTree = "<group>"; };
		BF4ED0512E3F45910045D619 /* BluetoothConnectionManager.swift */ = {isa = PBXFileReference; fileEncoding = 4; lastKnownFileType = sourcecode.swift; path = BluetoothConnectionManager.swift; sourceTree = "<group>"; };
		BF4ED05D2E3F45B10045D619 /* HIDUtils.swift */ = {isa = PBXFileReference; fileEncoding = 4; lastKnownFileType = sourcecode.swift; path = HIDUtils.swift; sourceTree = "<group>"; };
		BF4ED05F2E3F45B10045D619 /* Extensions.swift */ = {isa = PBXFileReference; fileEncoding = 4; lastKnownFileType = sourcecode.swift; path = Extensions.swift; sourceTree = "<group>"; };
		BF4ED06D2E3F9B3C0045D619 /* HIDUtils.swift */ = {isa = PBXFileReference; fileEncoding = 4; lastKnownFileType = sourcecode.swift; path = HIDUtils.swift; sourceTree = "<group>"; };
		BF4ED06E2E3F9B3C0045D619 /* ExternalKeyboardHandler.swift */ = {isa = PBXFileReference; fileEncoding = 4; lastKnownFileType = sourcecode.swift; path = ExternalKeyboardHandler.swift; sourceTree = "<group>"; };
		BF4ED0702E3F9B3C0045D619 /* Extensions.swift */ = {isa = PBXFileReference; fileEncoding = 4; lastKnownFileType = sourcecode.swift; path = Extensions.swift; sourceTree = "<group>"; };
		62E5AD8B6FDA46489B699BC6 /* GitHubAuthService.swift */ = {isa = PBXFileReference; lastKnownFileType = sourcecode.swift; path = Openterface_iOS/Core/Auth/GitHubAuthService.swift; sourceTree = SOURCE_ROOT; };
		A499DE59EC0B4A02BB1A51C0 /* KeychainService.swift */ = {isa = PBXFileReference; lastKnownFileType = sourcecode.swift; path = Openterface_iOS/Core/Security/KeychainService.swift; sourceTree = SOURCE_ROOT; };
		6D7956E09C7C47D681A5FA8F /* ChatModels.swift */ = {isa = PBXFileReference; lastKnownFileType = sourcecode.swift; path = Openterface_iOS/Core/Models/ChatModels.swift; sourceTree = SOURCE_ROOT; };
		E4B9E13D768F47F58D33ABA4 /* MacroModels.swift */ = {isa = PBXFileReference; lastKnownFileType = sourcecode.swift; path = Openterface_iOS/Core/Models/MacroModels.swift; sourceTree = SOURCE_ROOT; };
		D0D9F06A54AB4C1E9505E2AB /* ChatManager.swift */ = {isa = PBXFileReference; lastKnownFileType = sourcecode.swift; path = Openterface_iOS/Features/AI/ChatManager.swift; sourceTree = SOURCE_ROOT; };
		D79B2172BA3A47BA8F821D68 /* ChatScreenCaptureService.swift */ = {isa = PBXFileReference; lastKnownFileType = sourcecode.swift; path = Openterface_iOS/Features/AI/Services/ChatScreenCaptureService.swift; sourceTree = SOURCE_ROOT; };
		88BAFAB11D7A46CBAC10BCC6 /* ChatConversationBuilderService.swift */ = {isa = PBXFileReference; lastKnownFileType = sourcecode.swift; path = Openterface_iOS/Features/AI/Services/ChatConversationBuilderService.swift; sourceTree = SOURCE_ROOT; };
		E46FC9BEBDAA4921AAA93436 /* ChatToolExecutionService.swift */ = {isa = PBXFileReference; lastKnownFileType = sourcecode.swift; path = Openterface_iOS/Features/AI/Services/ChatToolExecutionService.swift; sourceTree = SOURCE_ROOT; };
		C80D235D1D864A23BEDD38F4 /* MacroInputManager.swift */ = {isa = PBXFileReference; lastKnownFileType = sourcecode.swift; path = Openterface_iOS/Features/Input/MacroInputManager.swift; sourceTree = SOURCE_ROOT; };
		E52D2A2D582E411CABBF752B /* ChatBubbleView.swift */ = {isa = PBXFileReference; lastKnownFileType = sourcecode.swift; path = Openterface_iOS/Features/UI/Components/ChatBubbleView.swift; sourceTree = SOURCE_ROOT; };
		A98081D79B3140D1ACF48F05 /* ChatView.swift */ = {isa = PBXFileReference; lastKnownFileType = sourcecode.swift; path = Openterface_iOS/Features/UI/Components/ChatView.swift; sourceTree = SOURCE_ROOT; };
		CFA1D2E3F4A54B2C8D9E0F11 /* ChatFloatingPanelView.swift */ = {isa = PBXFileReference; lastKnownFileType = sourcecode.swift; path = Openterface_iOS/Features/UI/Components/ChatFloatingPanelView.swift; sourceTree = SOURCE_ROOT; };
		1BBB6BD93D944F8C88F45097 /* LoginView.swift */ = {isa = PBXFileReference; lastKnownFileType = sourcecode.swift; path = Openterface_iOS/Features/UI/Components/LoginView.swift; sourceTree = SOURCE_ROOT; };
		436B155E2505417499682BC6 /* MacroPanelView.swift */ = {isa = PBXFileReference; lastKnownFileType = sourcecode.swift; path = Openterface_iOS/Features/UI/Components/MacroPanelView.swift; sourceTree = SOURCE_ROOT; };
		002452F3FCBC465CB3B70DE2 /* MacroEditorView.swift */ = {isa = PBXFileReference; lastKnownFileType = sourcecode.swift; path = Openterface_iOS/Features/UI/Components/MacroEditorView.swift; sourceTree = SOURCE_ROOT; };
/* End PBXFileReference section */

/* Begin PBXFrameworksBuildPhase section */
		BF0643EE2E3E5910009F04D1 /* Frameworks */ = {
			isa = PBXFrameworksBuildPhase;
			buildActionMask = 2147483647;
			files = (
			);
			runOnlyForDeploymentPostprocessing = 0;
		};
		BF0643FE2E3E5917009F04D1 /* Frameworks */ = {
			isa = PBXFrameworksBuildPhase;
			buildActionMask = 2147483647;
			files = (
			);
			runOnlyForDeploymentPostprocessing = 0;
		};
		BF0644082E3E5918009F04D1 /* Frameworks */ = {
			isa = PBXFrameworksBuildPhase;
			buildActionMask = 2147483647;
			files = (
			);
			runOnlyForDeploymentPostprocessing = 0;
		};
/* End PBXFrameworksBuildPhase section */

/* Begin PBXGroup section */
		BF0643E82E3E5910009F04D1 = {
			isa = PBXGroup;
			children = (
				BF0643F32E3E5910009F04D1 /* Openterface_iOS */,
				BF0644042E3E5918009F04D1 /* Openterface_iOSTests */,
				BF06440E2E3E5918009F04D1 /* Openterface_iOSUITests */,
				BF0643F22E3E5910009F04D1 /* Products */,
			);
			sourceTree = "<group>";
		};
		BF0643F22E3E5910009F04D1 /* Products */ = {
			isa = PBXGroup;
			children = (
				BF0643F12E3E5910009F04D1 /* Openterface KVM.app */,
				BF0644012E3E5917009F04D1 /* Openterface KVMTests.xctest */,
				BF06440B2E3E5918009F04D1 /* Openterface KVMUITests.xctest */,
			);
			name = Products;
			sourceTree = "<group>";
		};
		BF0643F32E3E5910009F04D1 /* Openterface_iOS */ = {
			isa = PBXGroup;
			children = (
				BF4ED06B2E3F9B3C0045D619 /* Shared */,
				BF4ED0402E3F45910045D619 /* Features */,
				BF4ED02F2E3F45680045D619 /* Core */,
				BF0643F42E3E5910009F04D1 /* Openterface_iOSApp.swift */,
				BF0643F82E3E5917009F04D1 /* Assets.xcassets */,
				BF0643FA2E3E5917009F04D1 /* Preview Content */,
				04FA6BBA0F454078BF219077 /* Auth */,
				25DEF48A67A24CF782494773 /* Security */,
				6D7956E09C7C47D681A5FA8F /* ChatModels.swift */,
				E4B9E13D768F47F58D33ABA4 /* MacroModels.swift */,
				2523B43B0FD0484FBC5B6FD0 /* AI */,
				C80D235D1D864A23BEDD38F4 /* MacroInputManager.swift */,
			);
			path = Openterface_iOS;
			sourceTree = "<group>";
		};
		BF0643FA2E3E5917009F04D1 /* Preview Content */ = {
			isa = PBXGroup;
			children = (
				BF0643FB2E3E5917009F04D1 /* Preview Assets.xcassets */,
			);
			path = "Preview Content";
			sourceTree = "<group>";
		};
		BF0644042E3E5918009F04D1 /* Openterface_iOSTests */ = {
			isa = PBXGroup;
			children = (
				BF0644052E3E5918009F04D1 /* Openterface_iOSTests.swift */,
			);
			path = Openterface_iOSTests;
			sourceTree = "<group>";
		};
		BF06440E2E3E5918009F04D1 /* Openterface_iOSUITests */ = {
			isa = PBXGroup;
			children = (
				BF06440F2E3E5918009F04D1 /* Openterface_iOSUITests.swift */,
				BF0644112E3E5918009F04D1 /* Openterface_iOSUITestsLaunchTests.swift */,
			);
			path = Openterface_iOSUITests;
			sourceTree = "<group>";
		};
		BF4ED02F2E3F45680045D619 /* Core */ = {
			isa = PBXGroup;
			children = (
				BF4ED05B2E3F45B10045D619 /* Shared */,
				BF4ED0302E3F45680045D619 /* AppCoordinator.swift */,
				BF4ED0312E3F45680045D619 /* Models */,
				BF4ED0352E3F45680045D619 /* Protocols */,
			);
			path = Core;
			sourceTree = "<group>";
		};
		BF4ED0312E3F45680045D619 /* Models */ = {
			isa = PBXGroup;
			children = (
				BF4ED0322E3F45680045D619 /* CameraModels.swift */,
				BF4ED0332E3F45680045D619 /* ConnectionModels.swift */,
				BF4ED0342E3F45680045D619 /* InputModels.swift */,
			);
			path = Models;
			sourceTree = "<group>";
		};
		BF4ED0352E3F45680045D619 /* Protocols */ = {
			isa = PBXGroup;
			children = (
				BF4ED0362E3F45680045D619 /* CameraProtocol.swift */,
				BF4ED0372E3F45680045D619 /* ConnectionProtocol.swift */,
				BF4ED0382E3F45680045D619 /* InputProtocol.swift */,
			);
			path = Protocols;
			sourceTree = "<group>";
		};
		BF4ED0402E3F45910045D619 /* Features */ = {
			isa = PBXGroup;
			children = (
				6B148F352EA7A86C00715D42 /* VideoSettingsView.swift */,
				BF4ED0412E3F45910045D619 /* UI */,
				BF4ED0482E3F45910045D619 /* Input */,
				BF4ED04E2E3F45910045D619 /* Camera */,
				BF4ED0502E3F45910045D619 /* Bluetooth */,
			);
			path = Features;
			sourceTree = "<group>";
		};
		BF4ED0412E3F45910045D619 /* UI */ = {
			isa = PBXGroup;
			children = (
				BF4ED0422E3F45910045D619 /* Screens */,
				BF4ED0442E3F45910045D619 /* Components */,
				E52D2A2D582E411CABBF752B /* ChatBubbleView.swift */,
				A98081D79B3140D1ACF48F05 /* ChatView.swift */,
				1BBB6BD93D944F8C88F45097 /* LoginView.swift */,
				436B155E2505417499682BC6 /* MacroPanelView.swift */,
				002452F3FCBC465CB3B70DE2 /* MacroEditorView.swift */,
			);
			path = UI;
			sourceTree = "<group>";
		};
		BF4ED0422E3F45910045D619 /* Screens */ = {
			isa = PBXGroup;
			children = (
				BF4ED0432E3F45910045D619 /* MainContentView.swift */,
			);
			path = Screens;
			sourceTree = "<group>";
		};
		BF4ED0442E3F45910045D619 /* Components */ = {
			isa = PBXGroup;
			children = (
				6B5E94B12EA1F9B00027EB7B /* ControlsView.swift */,
				BF4ED0452E3F45910045D619 /* CameraPreviewView.swift */,
				BF4ED0462E3F45910045D619 /* BluetoothConnectionView.swift */,
				6BA1A1102EA8000000000001 /* BluetoothLogoView.swift */,
				BF4ED0472E3F45910045D619 /* FloatingKeyboardView.swift */,
				6BA1A1122EA9000000000001 /* InfoOverlayView.swift */,
				CFA1D2E3F4A54B2C8D9E0F11 /* ChatFloatingPanelView.swift */,
				A1B2C3D4E5F6A1B2 /* SettingsView.swift */,
			);
			path = Components;
			sourceTree = "<group>";
		};
		BF4ED0482E3F45910045D619 /* Input */ = {
			isa = PBXGroup;
			children = (
				6B148F392EA8E9FF00715D42 /* HIDInputManager.swift */,
				BF4ED0492E3F45910045D619 /* Mouse */,
				BF4ED04B2E3F45910045D619 /* Keyboard */,
			);
			path = Input;
			sourceTree = "<group>";
		};
		BF4ED0492E3F45910045D619 /* Mouse */ = {
			isa = PBXGroup;
			children = (
				BF4ED04A2E3F45910045D619 /* MouseInputManager.swift */,
			);
			path = Mouse;
			sourceTree = "<group>";
		};
		BF4ED04B2E3F45910045D619 /* Keyboard */ = {
			isa = PBXGroup;
			children = (
				BF4ED04C2E3F45910045D619 /* KeyboardInputManager.swift */,
				BF4ED04D2E3F45910045D619 /* CompositeKeyInputManager.swift */,
			);
			path = Keyboard;
			sourceTree = "<group>";
		};
		BF4ED04E2E3F45910045D619 /* Camera */ = {
			isa = PBXGroup;
			children = (
				6B148F372EA7A8A200715D42 /* SimulatorCameraMock.swift */,
				6B148F302EA7429400715D42 /* RecordingManager.swift */,
				6B148F2C2EA72DBB00715D42 /* AudioManager.swift */,
				6B148F2D2EA72DBB00715D42 /* VideoManager.swift */,
				BF4ED04F2E3F45910045D619 /* CameraSessionManager.swift */,
			);
			path = Camera;
			sourceTree = "<group>";
		};
		BF4ED0502E3F45910045D619 /* Bluetooth */ = {
			isa = PBXGroup;
			children = (
				BF4ED0512E3F45910045D619 /* BluetoothConnectionManager.swift */,
			);
			path = Bluetooth;
			sourceTree = "<group>";
		};
		BF4ED05B2E3F45B10045D619 /* Shared */ = {
			isa = PBXGroup;
			children = (
				BF4ED05C2E3F45B10045D619 /* Utils */,
				BF4ED05E2E3F45B10045D619 /* Extensions */,
			);
			name = Shared;
			path = Openterface_iOS/Shared;
			sourceTree = SOURCE_ROOT;
		};
		BF4ED05C2E3F45B10045D619 /* Utils */ = {
			isa = PBXGroup;
			children = (
				BF4ED05D2E3F45B10045D619 /* HIDUtils.swift */,
			);
			path = Utils;
			sourceTree = "<group>";
		};
		BF4ED05E2E3F45B10045D619 /* Extensions */ = {
			isa = PBXGroup;
			children = (
				BF4ED05F2E3F45B10045D619 /* Extensions.swift */,
			);
			path = Extensions;
			sourceTree = "<group>";
		};
		BF4ED06B2E3F9B3C0045D619 /* Shared */ = {
			isa = PBXGroup;
			children = (
				BF4ED06C2E3F9B3C0045D619 /* Utils */,
				BF4ED06F2E3F9B3C0045D619 /* Extensions */,
			);
			path = Shared;
			sourceTree = "<group>";
		};
		BF4ED06C2E3F9B3C0045D619 /* Utils */ = {
			isa = PBXGroup;
			children = (
				6B148F252EA61EBE00715D42 /* Logger.swift */,
				BF4ED06D2E3F9B3C0045D619 /* HIDUtils.swift */,
				BF4ED06E2E3F9B3C0045D619 /* ExternalKeyboardHandler.swift */,
			);
			path = Utils;
			sourceTree = "<group>";
		};
		BF4ED06F2E3F9B3C0045D619 /* Extensions */ = {
			isa = PBXGroup;
			children = (
				BF4ED0702E3F9B3C0045D619 /* Extensions.swift */,
			);
			path = Extensions;
			sourceTree = "<group>";
		};
		04FA6BBA0F454078BF219077 /* Auth */ = {
			isa = PBXGroup;
			children = (
				62E5AD8B6FDA46489B699BC6 /* GitHubAuthService.swift */,
			);
			path = Auth;
			sourceTree = "<group>";
		};
		25DEF48A67A24CF782494773 /* Security */ = {
			isa = PBXGroup;
			children = (
				A499DE59EC0B4A02BB1A51C0 /* KeychainService.swift */,
			);
			path = Security;
			sourceTree = "<group>";
		};
		2523B43B0FD0484FBC5B6FD0 /* AI */ = {
			isa = PBXGroup;
			children = (
				D0D9F06A54AB4C1E9505E2AB /* ChatManager.swift */,
				08E61E2864FB4284862ACFEA /* Services */,
			);
			path = AI;
			sourceTree = "<group>";
		};
		08E61E2864FB4284862ACFEA /* Services */ = {
			isa = PBXGroup;
			children = (
				D79B2172BA3A47BA8F821D68 /* ChatScreenCaptureService.swift */,
				88BAFAB11D7A46CBAC10BCC6 /* ChatConversationBuilderService.swift */,
				E46FC9BEBDAA4921AAA93436 /* ChatToolExecutionService.swift */,
			);
			path = Services;
			sourceTree = "<group>";
		};
/* End PBXGroup section */

/* Begin PBXNativeTarget section */
		BF0643F02E3E5910009F04D1 /* Openterface KVM */ = {
			isa = PBXNativeTarget;
			buildConfigurationList = BF0644152E3E5918009F04D1 /* Build configuration list for PBXNativeTarget "Openterface KVM" */;
			buildPhases = (
				BF0643ED2E3E5910009F04D1 /* Sources */,
				BF0643EE2E3E5910009F04D1 /* Frameworks */,
				BF0643EF2E3E5910009F04D1 /* Resources */,
			);
			buildRules = (
			);
			dependencies = (
			);
			name = "Openterface KVM";
			productName = Openterface_iOS;
			productReference = BF0643F12E3E5910009F04D1 /* Openterface KVM.app */;
			productType = "com.apple.product-type.application";
		};
		BF0644002E3E5917009F04D1 /* Openterface KVMTests */ = {
			isa = PBXNativeTarget;
			buildConfigurationList = BF0644182E3E5918009F04D1 /* Build configuration list for PBXNativeTarget "Openterface KVMTests" */;
			buildPhases = (
				BF0643FD2E3E5917009F04D1 /* Sources */,
				BF0643FE2E3E5917009F04D1 /* Frameworks */,
				BF0643FF2E3E5917009F04D1 /* Resources */,
			);
			buildRules = (
			);
			dependencies = (
				BF0644032E3E5917009F04D1 /* PBXTargetDependency */,
			);
			name = "Openterface KVMTests";
			productName = Openterface_iOSTests;
			productReference = BF0644012E3E5917009F04D1 /* Openterface KVMTests.xctest */;
			productType = "com.apple.product-type.bundle.unit-test";
		};
		BF06440A2E3E5918009F04D1 /* Openterface KVMUITests */ = {
			isa = PBXNativeTarget;
			buildConfigurationList = BF06441B2E3E5918009F04D1 /* Build configuration list for PBXNativeTarget "Openterface KVMUITests" */;
			buildPhases = (
				BF0644072E3E5918009F04D1 /* Sources */,
				BF0644082E3E5918009F04D1 /* Frameworks */,
				BF0644092E3E5918009F04D1 /* Resources */,
			);
			buildRules = (
			);
			dependencies = (
				BF06440D2E3E5918009F04D1 /* PBXTargetDependency */,
			);
			name = "Openterface KVMUITests";
			productName = Openterface_iOSUITests;
			productReference = BF06440B2E3E5918009F04D1 /* Openterface KVMUITests.xctest */;
			productType = "com.apple.product-type.bundle.ui-testing";
		};
/* End PBXNativeTarget section */

/* Begin PBXProject section */
		BF0643E92E3E5910009F04D1 /* Project object */ = {
			isa = PBXProject;
			attributes = {
				BuildIndependentTargetsInParallel = 1;
				LastSwiftUpdateCheck = 1520;
				LastUpgradeCheck = 1520;
				ORGANIZATIONNAME = "TechxArtisan Limited";
				TargetAttributes = {
					BF0643F02E3E5910009F04D1 = {
						CreatedOnToolsVersion = 15.2;
					};
					BF0644002E3E5917009F04D1 = {
						CreatedOnToolsVersion = 15.2;
						TestTargetID = BF0643F02E3E5910009F04D1;
					};
					BF06440A2E3E5918009F04D1 = {
						CreatedOnToolsVersion = 15.2;
						TestTargetID = BF0643F02E3E5910009F04D1;
					};
				};
			};
			buildConfigurationList = BF0643EC2E3E5910009F04D1 /* Build configuration list for PBXProject "Openterface" */;
			compatibilityVersion = "Xcode 14.0";
			developmentRegion = en;
			hasScannedForEncodings = 0;
			knownRegions = (
				en,
				Base,
			);
			mainGroup = BF0643E82E3E5910009F04D1;
			productRefGroup = BF0643F22E3E5910009F04D1 /* Products */;
			projectDirPath = "";
			projectRoot = "";
			targets = (
				BF0643F02E3E5910009F04D1 /* Openterface KVM */,
				BF0644002E3E5917009F04D1 /* Openterface KVMTests */,
				BF06440A2E3E5918009F04D1 /* Openterface KVMUITests */,
			);
		};
/* End PBXProject section */

/* Begin PBXResourcesBuildPhase section */
		BF0643EF2E3E5910009F04D1 /* Resources */ = {
			isa = PBXResourcesBuildPhase;
			buildActionMask = 2147483647;
			files = (
				BF0643FC2E3E5917009F04D1 /* Preview Assets.xcassets in Resources */,
				BF0643F92E3E5917009F04D1 /* Assets.xcassets in Resources */,
			);
			runOnlyForDeploymentPostprocessing = 0;
		};
		BF0643FF2E3E5917009F04D1 /* Resources */ = {
			isa = PBXResourcesBuildPhase;
			buildActionMask = 2147483647;
			files = (
			);
			runOnlyForDeploymentPostprocessing = 0;
		};
		BF0644092E3E5918009F04D1 /* Resources */ = {
			isa = PBXResourcesBuildPhase;
			buildActionMask = 2147483647;
			files = (
			);
			runOnlyForDeploymentPostprocessing = 0;
		};
/* End PBXResourcesBuildPhase section */

/* Begin PBXSourcesBuildPhase section */
		BF0643ED2E3E5910009F04D1 /* Sources */ = {
			isa = PBXSourcesBuildPhase;
			buildActionMask = 2147483647;
			files = (
				4E1541D7A17A4452934681A3 /* GitHubAuthService.swift in Sources */,
				ED19379E509540F9A8AFD411 /* KeychainService.swift in Sources */,
				A86E2B10FC014CFDBBB464AE /* ChatModels.swift in Sources */,
				72CFB2DFA02B4C0F99F4A2A1 /* MacroModels.swift in Sources */,
				F49387517EA9476BB35F5981 /* ChatManager.swift in Sources */,
				54F1A891BB854C8ABB4A8280 /* ChatScreenCaptureService.swift in Sources */,
				93BBE49A256E4695B1D20394 /* ChatConversationBuilderService.swift in Sources */,
				545378B68F9C41A389E69079 /* ChatToolExecutionService.swift in Sources */,
				50D090EEDDA64847A9C63BA7 /* MacroInputManager.swift in Sources */,
				6B71AE92259E4FB7BB1B5501 /* ChatBubbleView.swift in Sources */,
				8E6614CA880345C8B4EFF043 /* ChatView.swift in Sources */,
				CFA1D2E3F4A54B2C8D9E0F12 /* ChatFloatingPanelView.swift in Sources */,
				235229C4F7DA43DFA55A1615 /* LoginView.swift in Sources */,
				810E4A67D1314DD68977D458 /* MacroPanelView.swift in Sources */,
				7CC84EAFBA584625980738E0 /* MacroEditorView.swift in Sources */,
				6B5E94B22EA1F9B00027EB7B /* ControlsView.swift in Sources */,
				BF4ED03F2E3F45680045D619 /* InputProtocol.swift in Sources */,
				BF4ED0612E3F45B10045D619 /* Extensions.swift in Sources */,
				BF4ED0602E3F45B10045D619 /* HIDUtils.swift in Sources */,
				BF4ED0532E3F45910045D619 /* CameraPreviewView.swift in Sources */,
				6B148F362EA7A86C00715D42 /* VideoSettingsView.swift in Sources */,
				BF4ED0572E3F45910045D619 /* KeyboardInputManager.swift in Sources */,
				BF4ED03A2E3F45680045D619 /* CameraModels.swift in Sources */,
				BF4ED03B2E3F45680045D619 /* ConnectionModels.swift in Sources */,
				6B148F262EA61EBE00715D42 /* Logger.swift in Sources */,
				BF4ED0592E3F45910045D619 /* CameraSessionManager.swift in Sources */,
				6B148F312EA7429400715D42 /* RecordingManager.swift in Sources */,
				BF4ED0392E3F45680045D619 /* AppCoordinator.swift in Sources */,
				6B148F3A2EA8E9FF00715D42 /* HIDInputManager.swift in Sources */,
				BF4ED0732E3F9B3D0045D619 /* Extensions.swift in Sources */,
				BF4ED0582E3F45910045D619 /* CompositeKeyInputManager.swift in Sources */,
				BF4ED0552E3F45910045D619 /* FloatingKeyboardView.swift in Sources */,
				BF4ED0562E3F45910045D619 /* MouseInputManager.swift in Sources */,
				BF4ED03C2E3F45680045D619 /* InputModels.swift in Sources */,
				BF4ED0542E3F45910045D619 /* BluetoothConnectionView.swift in Sources */,
				6BA1A1112EA8000000000001 /* BluetoothLogoView.swift in Sources */,
				6BA1A1132EA9000000000001 /* InfoOverlayView.swift in Sources */,
				A1B2C3D4E5F6A1B3 /* SettingsView.swift in Sources */,
				6B148F382EA7A8A200715D42 /* SimulatorCameraMock.swift in Sources */,
				BF4ED0522E3F45910045D619 /* MainContentView.swift in Sources */,
				BF4ED05A2E3F45910045D619 /* BluetoothConnectionManager.swift in Sources */,
				6B148F2E2EA72DBB00715D42 /* VideoManager.swift in Sources */,
				6B148F2F2EA72DBB00715D42 /* AudioManager.swift in Sources */,
				BF4ED03D2E3F45680045D619 /* CameraProtocol.swift in Sources */,
				BF0643F52E3E5910009F04D1 /* Openterface_iOSApp.swift in Sources */,
				BF4ED03E2E3F45680045D619 /* ConnectionProtocol.swift in Sources */,
				BF4ED0712E3F9B3D0045D619 /* HIDUtils.swift in Sources */,
				BF4ED0722E3F9B3D0045D619 /* ExternalKeyboardHandler.swift in Sources */,
			);
			runOnlyForDeploymentPostprocessing = 0;
		};
		BF0643FD2E3E5917009F04D1 /* Sources */ = {
			isa = PBXSourcesBuildPhase;
			buildActionMask = 2147483647;
			files = (
				BF0644062E3E5918009F04D1 /* Openterface_iOSTests.swift in Sources */,
			);
			runOnlyForDeploymentPostprocessing = 0;
		};
		BF0644072E3E5918009F04D1 /* Sources */ = {
			isa = PBXSourcesBuildPhase;
			buildActionMask = 2147483647;
			files = (
				BF0644102E3E5918009F04D1 /* Openterface_iOSUITests.swift in Sources */,
				BF0644122E3E5918009F04D1 /* Openterface_iOSUITestsLaunchTests.swift in Sources */,
			);
			runOnlyForDeploymentPostprocessing = 0;
		};
/* End PBXSourcesBuildPhase section */

/* Begin PBXTargetDependency section */
		BF0644032E3E5917009F04D1 /* PBXTargetDependency */ = {
			isa = PBXTargetDependency;
			target = BF0643F02E3E5910009F04D1 /* Openterface KVM */;
			targetProxy = BF0644022E3E5917009F04D1 /* PBXContainerItemProxy */;
		};
		BF06440D2E3E5918009F04D1 /* PBXTargetDependency */ = {
			isa = PBXTargetDependency;
			target = BF0643F02E3E5910009F04D1 /* Openterface KVM */;
			targetProxy = BF06440C2E3E5918009F04D1 /* PBXContainerItemProxy */;
		};
/* End PBXTargetDependency section */

/* Begin XCBuildConfiguration section */
		BF0644132E3E5918009F04D1 /* Debug */ = {
			isa = XCBuildConfiguration;
			buildSettings = {
				ALWAYS_SEARCH_USER_PATHS = NO;
				ASSETCATALOG_COMPILER_GENERATE_SWIFT_ASSET_SYMBOL_EXTENSIONS = YES;
				CLANG_ANALYZER_NONNULL = YES;
				CLANG_ANALYZER_NUMBER_OBJECT_CONVERSION = YES_AGGRESSIVE;
				CLANG_CXX_LANGUAGE_STANDARD = "gnu++20";
				CLANG_ENABLE_MODULES = YES;
				CLANG_ENABLE_OBJC_ARC = YES;
				CLANG_ENABLE_OBJC_WEAK = YES;
				CLANG_WARN_BLOCK_CAPTURE_AUTORELEASING = YES;
				CLANG_WARN_BOOL_CONVERSION = YES;
				CLANG_WARN_COMMA = YES;
				CLANG_WARN_CONSTANT_CONVERSION = YES;
				CLANG_WARN_DEPRECATED_OBJC_IMPLEMENTATIONS = YES;
				CLANG_WARN_DIRECT_OBJC_ISA_USAGE = YES_ERROR;
				CLANG_WARN_DOCUMENTATION_COMMENTS = YES;
				CLANG_WARN_EMPTY_BODY = YES;
				CLANG_WARN_ENUM_CONVERSION = YES;
				CLANG_WARN_INFINITE_RECURSION = YES;
				CLANG_WARN_INT_CONVERSION = YES;
				CLANG_WARN_NON_LITERAL_NULL_CONVERSION = YES;
				CLANG_WARN_OBJC_IMPLICIT_RETAIN_SELF = YES;
				CLANG_WARN_OBJC_LITERAL_CONVERSION = YES;
				CLANG_WARN_OBJC_ROOT_CLASS = YES_ERROR;
				CLANG_WARN_QUOTED_INCLUDE_IN_FRAMEWORK_HEADER = YES;
				CLANG_WARN_RANGE_LOOP_ANALYSIS = YES;
				CLANG_WARN_STRICT_PROTOTYPES = YES;
				CLANG_WARN_SUSPICIOUS_MOVE = YES;
				CLANG_WARN_UNGUARDED_AVAILABILITY = YES_AGGRESSIVE;
				CLANG_WARN_UNREACHABLE_CODE = YES;
				CLANG_WARN__DUPLICATE_METHOD_MATCH = YES;
				COPY_PHASE_STRIP = NO;
				DEBUG_INFORMATION_FORMAT = dwarf;
				ENABLE_STRICT_OBJC_MSGSEND = YES;
				ENABLE_TESTABILITY = YES;
				ENABLE_USER_SCRIPT_SANDBOXING = YES;
				GCC_C_LANGUAGE_STANDARD = gnu17;
				GCC_DYNAMIC_NO_PIC = NO;
				GCC_NO_COMMON_BLOCKS = YES;
				GCC_OPTIMIZATION_LEVEL = 0;
				GCC_PREPROCESSOR_DEFINITIONS = (
					"DEBUG=1",
					"$(inherited)",
				);
				GCC_WARN_64_TO_32_BIT_CONVERSION = YES;
				GCC_WARN_ABOUT_RETURN_TYPE = YES_ERROR;
				GCC_WARN_UNDECLARED_SELECTOR = YES;
				GCC_WARN_UNINITIALIZED_AUTOS = YES_AGGRESSIVE;
				GCC_WARN_UNUSED_FUNCTION = YES;
				GCC_WARN_UNUSED_VARIABLE = YES;
				IPHONEOS_DEPLOYMENT_TARGET = 17.2;
				LOCALIZATION_PREFERS_STRING_CATALOGS = YES;
				MTL_ENABLE_DEBUG_INFO = INCLUDE_SOURCE;
				MTL_FAST_MATH = YES;
				ONLY_ACTIVE_ARCH = YES;
				SDKROOT = iphoneos;
				SWIFT_ACTIVE_COMPILATION_CONDITIONS = "DEBUG $(inherited)";
				SWIFT_OPTIMIZATION_LEVEL = "-Onone";
			};
			name = Debug;
		};
		BF0644142E3E5918009F04D1 /* Release */ = {
			isa = XCBuildConfiguration;
			buildSettings = {
				ALWAYS_SEARCH_USER_PATHS = NO;
				ASSETCATALOG_COMPILER_GENERATE_SWIFT_ASSET_SYMBOL_EXTENSIONS = YES;
				CLANG_ANALYZER_NONNULL = YES;
				CLANG_ANALYZER_NUMBER_OBJECT_CONVERSION = YES_AGGRESSIVE;
				CLANG_CXX_LANGUAGE_STANDARD = "gnu++20";
				CLANG_ENABLE_MODULES = YES;
				CLANG_ENABLE_OBJC_ARC = YES;
				CLANG_ENABLE_OBJC_WEAK = YES;
				CLANG_WARN_BLOCK_CAPTURE_AUTORELEASING = YES;
				CLANG_WARN_BOOL_CONVERSION = YES;
				CLANG_WARN_COMMA = YES;
				CLANG_WARN_CONSTANT_CONVERSION = YES;
				CLANG_WARN_DEPRECATED_OBJC_IMPLEMENTATIONS = YES;
				CLANG_WARN_DIRECT_OBJC_ISA_USAGE = YES_ERROR;
				CLANG_WARN_DOCUMENTATION_COMMENTS = YES;
				CLANG_WARN_EMPTY_BODY = YES;
				CLANG_WARN_ENUM_CONVERSION = YES;
				CLANG_WARN_INFINITE_RECURSION = YES;
				CLANG_WARN_INT_CONVERSION = YES;
				CLANG_WARN_NON_LITERAL_NULL_CONVERSION = YES;
				CLANG_WARN_OBJC_IMPLICIT_RETAIN_SELF = YES;
				CLANG_WARN_OBJC_LITERAL_CONVERSION = YES;
				CLANG_WARN_OBJC_ROOT_CLASS = YES_ERROR;
				CLANG_WARN_QUOTED_INCLUDE_IN_FRAMEWORK_HEADER = YES;
				CLANG_WARN_RANGE_LOOP_ANALYSIS = YES;
				CLANG_WARN_STRICT_PROTOTYPES = YES;
				CLANG_WARN_SUSPICIOUS_MOVE = YES;
				CLANG_WARN_UNGUARDED_AVAILABILITY = YES_AGGRESSIVE;
				CLANG_WARN_UNREACHABLE_CODE = YES;
				CLANG_WARN__DUPLICATE_METHOD_MATCH = YES;
				COPY_PHASE_STRIP = NO;
				DEBUG_INFORMATION_FORMAT = "dwarf-with-dsym";
				ENABLE_NS_ASSERTIONS = NO;
				ENABLE_STRICT_OBJC_MSGSEND = YES;
				ENABLE_USER_SCRIPT_SANDBOXING = YES;
				GCC_C_LANGUAGE_STANDARD = gnu17;
				GCC_NO_COMMON_BLOCKS = YES;
				GCC_WARN_64_TO_32_BIT_CONVERSION = YES;
				GCC_WARN_ABOUT_RETURN_TYPE = YES_ERROR;
				GCC_WARN_UNDECLARED_SELECTOR = YES;
				GCC_WARN_UNINITIALIZED_AUTOS = YES_AGGRESSIVE;
				GCC_WARN_UNUSED_FUNCTION = YES;
				GCC_WARN_UNUSED_VARIABLE = YES;
				IPHONEOS_DEPLOYMENT_TARGET = 17.2;
				LOCALIZATION_PREFERS_STRING_CATALOGS = YES;
				MTL_ENABLE_DEBUG_INFO = NO;
				MTL_FAST_MATH = YES;
				SDKROOT = iphoneos;
				SWIFT_COMPILATION_MODE = wholemodule;
				VALIDATE_PRODUCT = YES;
			};
			name = Release;
		};
		BF0644162E3E5918009F04D1 /* Debug */ = {
			isa = XCBuildConfiguration;
			buildSettings = {
				ASSETCATALOG_COMPILER_APPICON_NAME = AppIcon;
				ASSETCATALOG_COMPILER_GLOBAL_ACCENT_COLOR_NAME = AccentColor;
				ASSETCATALOG_COMPILER_INCLUDE_ALL_APPICON_ASSETS = YES;
				CODE_SIGN_STYLE = Automatic;
				CURRENT_PROJECT_VERSION = 1;
				DEVELOPMENT_ASSET_PATHS = "\"Openterface_iOS/Preview Content\"";
				DEVELOPMENT_TEAM = NXWD68TXUQ;
				ENABLE_PREVIEWS = YES;
				GENERATE_INFOPLIST_FILE = YES;
				INFOPLIST_KEY_CFBundleDisplayName = Openterface;
				INFOPLIST_KEY_LSApplicationCategoryType = "public.app-category.utilities";
				INFOPLIST_KEY_NSBluetoothAlwaysUsageDescription = "This app needs Bluetooth access to connect and communicate with your Openterface device for remote control functionality.";
				INFOPLIST_KEY_NSBluetoothPeripheralUsageDescription = "This app needs Bluetooth access to connect and communicate with your Openterface device for remote control functionality.";
				INFOPLIST_KEY_NSCameraUsageDescription = "This app needs camera access to connect to Openterface devices and display video feed.";
				INFOPLIST_KEY_NSMicrophoneUsageDescription = "This app needs microphone access to capture audio from your Openterface device and provide full audio/video preview functionality.";
				INFOPLIST_KEY_NSPhotoLibraryAddUsageDescription = "This app needs permission to save screenshots and recordings to your Photo Library.";
				INFOPLIST_KEY_NSPhotoLibraryUsageDescription = "This app needs permission to access your Photo Library to save screenshots and recordings.";
				INFOPLIST_KEY_UIApplicationSceneManifest_Generation = YES;
				INFOPLIST_KEY_UIApplicationSupportsIndirectInputEvents = YES;
				INFOPLIST_KEY_UILaunchScreen_Generation = YES;
				INFOPLIST_KEY_UISupportedInterfaceOrientations_iPad = "UIInterfaceOrientationPortrait UIInterfaceOrientationPortraitUpsideDown UIInterfaceOrientationLandscapeLeft UIInterfaceOrientationLandscapeRight";
				LD_RUNPATH_SEARCH_PATHS = (
					"$(inherited)",
					"@executable_path/Frameworks",
				);
				MARKETING_VERSION = 1.0;
				PRODUCT_BUNDLE_IDENTIFIER = "openterface.kvm.ipados";
				PRODUCT_NAME = "$(TARGET_NAME)";
				REGISTER_APP_GROUPS = NO;
				SUPPORTED_PLATFORMS = iphoneos;
				TARGETED_DEVICE_FAMILY = 2;
				SUPPORTS_MACCATALYST = NO;
				SUPPORTS_MAC_DESIGNED_FOR_IPHONE_IPAD = NO;
				SUPPORTS_XR_DESIGNED_FOR_IPHONE_IPAD = NO;
				SWIFT_EMIT_LOC_STRINGS = YES;
				SWIFT_VERSION = 5.0;
			};
			name = Debug;
		};
		BF0644172E3E5918009F04D1 /* Release */ = {
			isa = XCBuildConfiguration;
			buildSettings = {
				ASSETCATALOG_COMPILER_APPICON_NAME = AppIcon;
				ASSETCATALOG_COMPILER_GLOBAL_ACCENT_COLOR_NAME = AccentColor;
				ASSETCATALOG_COMPILER_INCLUDE_ALL_APPICON_ASSETS = YES;
				CODE_SIGN_STYLE = Automatic;
				CURRENT_PROJECT_VERSION = 1;
				DEVELOPMENT_ASSET_PATHS = "\"Openterface_iOS/Preview Content\"";
				DEVELOPMENT_TEAM = NXWD68TXUQ;
				ENABLE_PREVIEWS = YES;
				GENERATE_INFOPLIST_FILE = YES;
				INFOPLIST_KEY_CFBundleDisplayName = Openterface;
				INFOPLIST_KEY_LSApplicationCategoryType = "public.app-category.utilities";
				INFOPLIST_KEY_NSBluetoothAlwaysUsageDescription = "This app needs Bluetooth access to connect and communicate with your Openterface device for remote control functionality.";
				INFOPLIST_KEY_NSBluetoothPeripheralUsageDescription = "This app needs Bluetooth access to connect and communicate with your Openterface device for remote control functionality.";
				INFOPLIST_KEY_NSCameraUsageDescription = "This app needs camera access to connect to Openterface devices and display video feed.";
				INFOPLIST_KEY_NSMicrophoneUsageDescription = "This app needs microphone access to capture audio from your Openterface device and provide full audio/video preview functionality.";
				INFOPLIST_KEY_NSPhotoLibraryAddUsageDescription = "This app needs permission to save screenshots and recordings to your Photo Library.";
				INFOPLIST_KEY_NSPhotoLibraryUsageDescription = "This app needs permission to access your Photo Library to save screenshots and recordings.";
				INFOPLIST_KEY_UIApplicationSceneManifest_Generation = YES;
				INFOPLIST_KEY_UIApplicationSupportsIndirectInputEvents = YES;
				INFOPLIST_KEY_UILaunchScreen_Generation = YES;
				INFOPLIST_KEY_UISupportedInterfaceOrientations_iPad = "UIInterfaceOrientationPortrait UIInterfaceOrientationPortraitUpsideDown UIInterfaceOrientationLandscapeLeft UIInterfaceOrientationLandscapeRight";
				LD_RUNPATH_SEARCH_PATHS = (
					"$(inherited)",
					"@executable_path/Frameworks",
				);
				MARKETING_VERSION = 1.0;
				PRODUCT_BUNDLE_IDENTIFIER = "openterface.kvm.ipados";
				PRODUCT_NAME = "$(TARGET_NAME)";
				REGISTER_APP_GROUPS = NO;
				SUPPORTED_PLATFORMS = iphoneos;
				TARGETED_DEVICE_FAMILY = 2;
				SUPPORTS_MACCATALYST = NO;
				SUPPORTS_MAC_DESIGNED_FOR_IPHONE_IPAD = NO;
				SUPPORTS_XR_DESIGNED_FOR_IPHONE_IPAD = NO;
				SWIFT_EMIT_LOC_STRINGS = YES;
				SWIFT_VERSION = 5.0;
			};
			name = Release;
		};
		BF0644192E3E5918009F04D1 /* Debug */ = {
			isa = XCBuildConfiguration;
			buildSettings = {
				ALWAYS_EMBED_SWIFT_STANDARD_LIBRARIES = YES;
				BUNDLE_LOADER = "$(TEST_HOST)";
				CODE_SIGN_STYLE = Automatic;
				CURRENT_PROJECT_VERSION = 1;
				DEVELOPMENT_TEAM = 5RFKPUT7MQ;
				GENERATE_INFOPLIST_FILE = YES;
				IPHONEOS_DEPLOYMENT_TARGET = 17.2;
				MARKETING_VERSION = 1.0;
				PRODUCT_BUNDLE_IDENTIFIER = "openterface.kvm.ipadosTests";
				PRODUCT_NAME = "$(TARGET_NAME)";
				SWIFT_EMIT_LOC_STRINGS = NO;
				SWIFT_VERSION = 5.0;
				TARGETED_DEVICE_FAMILY = "1,2";
				TEST_HOST = "$(BUILT_PRODUCTS_DIR)/Openterface KVM.app/$(BUNDLE_EXECUTABLE_FOLDER_PATH)/Openterface KVM";
			};
			name = Debug;
		};
		BF06441A2E3E5918009F04D1 /* Release */ = {
			isa = XCBuildConfiguration;
			buildSettings = {
				ALWAYS_EMBED_SWIFT_STANDARD_LIBRARIES = YES;
				BUNDLE_LOADER = "$(TEST_HOST)";
				CODE_SIGN_STYLE = Automatic;
				CURRENT_PROJECT_VERSION = 1;
				DEVELOPMENT_TEAM = 5RFKPUT7MQ;
				GENERATE_INFOPLIST_FILE = YES;
				IPHONEOS_DEPLOYMENT_TARGET = 17.2;
				MARKETING_VERSION = 1.0;
				PRODUCT_BUNDLE_IDENTIFIER = "openterface.kvm.ipadosTests";
				PRODUCT_NAME = "$(TARGET_NAME)";
				SWIFT_EMIT_LOC_STRINGS = NO;
				SWIFT_VERSION = 5.0;
				TARGETED_DEVICE_FAMILY = "1,2";
				TEST_HOST = "$(BUILT_PRODUCTS_DIR)/Openterface KVM.app/$(BUNDLE_EXECUTABLE_FOLDER_PATH)/Openterface KVM";
			};
			name = Release;
		};
		BF06441C2E3E5918009F04D1 /* Debug */ = {
			isa = XCBuildConfiguration;
			buildSettings = {
				ALWAYS_EMBED_SWIFT_STANDARD_LIBRARIES = YES;
				CODE_SIGN_STYLE = Automatic;
				CURRENT_PROJECT_VERSION = 1;
				DEVELOPMENT_TEAM = 5RFKPUT7MQ;
				GENERATE_INFOPLIST_FILE = YES;
				MARKETING_VERSION = 1.0;
				PRODUCT_BUNDLE_IDENTIFIER = "openterface.kvm.ipadosUITests";
				PRODUCT_NAME = "$(TARGET_NAME)";
				SWIFT_EMIT_LOC_STRINGS = NO;
				SWIFT_VERSION = 5.0;
				TARGETED_DEVICE_FAMILY = 2;
				TEST_TARGET_NAME = Openterface_iOS;
			};
			name = Debug;
		};
		BF06441D2E3E5918009F04D1 /* Release */ = {
			isa = XCBuildConfiguration;
			buildSettings = {
				ALWAYS_EMBED_SWIFT_STANDARD_LIBRARIES = YES;
				CODE_SIGN_STYLE = Automatic;
				CURRENT_PROJECT_VERSION = 1;
				DEVELOPMENT_TEAM = 5RFKPUT7MQ;
				GENERATE_INFOPLIST_FILE = YES;
				MARKETING_VERSION = 1.0;
				PRODUCT_BUNDLE_IDENTIFIER = "openterface.kvm.ipadosUITests";
				PRODUCT_NAME = "$(TARGET_NAME)";
				SWIFT_EMIT_LOC_STRINGS = NO;
				SWIFT_VERSION = 5.0;
				TARGETED_DEVICE_FAMILY = 2;
				TEST_TARGET_NAME = Openterface_iOS;
			};
			name = Release;
		};
/* End XCBuildConfiguration section */

/* Begin XCConfigurationList section */
		BF0643EC2E3E5910009F04D1 /* Build configuration list for PBXProject "Openterface" */ = {
			isa = XCConfigurationList;
			buildConfigurations = (
				BF0644132E3E5918009F04D1 /* Debug */,
				BF0644142E3E5918009F04D1 /* Release */,
			);
			defaultConfigurationIsVisible = 0;
			defaultConfigurationName = Release;
		};
		BF0644152E3E5918009F04D1 /* Build configuration list for PBXNativeTarget "Openterface KVM" */ = {
			isa = XCConfigurationList;
			buildConfigurations = (
				BF0644162E3E5918009F04D1 /* Debug */,
				BF0644172E3E5918009F04D1 /* Release */,
			);
			defaultConfigurationIsVisible = 0;
			defaultConfigurationName = Release;
		};
		BF0644182E3E5918009F04D1 /* Build configuration list for PBXNativeTarget "Openterface KVMTests" */ = {
			isa = XCConfigurationList;
			buildConfigurations = (
				BF0644192E3E5918009F04D1 /* Debug */,
				BF06441A2E3E5918009F04D1 /* Release */,
			);
			defaultConfigurationIsVisible = 0;
			defaultConfigurationName = Release;
		};
		BF06441B2E3E5918009F04D1 /* Build configuration list for PBXNativeTarget "Openterface KVMUITests" */ = {
			isa = XCConfigurationList;
			buildConfigurations = (
				BF06441C2E3E5918009F04D1 /* Debug */,
				BF06441D2E3E5918009F04D1 /* Release */,
			);
			defaultConfigurationIsVisible = 0;
			defaultConfigurationName = Release;
		};
/* End XCConfigurationList section */
	};
	rootObject = BF0643E92E3E5910009F04D1 /* Project object */;
}
